PODS:
  - FBSnapshotTestCase (1.2)
  - Kiwi (2.3.0)
  - TFLayoutConstraintsFactory (0.0.1)

DEPENDENCIES:
  - FBSnapshotTestCase
  - Kiwi
  - TFLayoutConstraintsFactory (from `../`)

EXTERNAL SOURCES:
  TFLayoutConstraintsFactory:
    :path: ../

SPEC CHECKSUMS:
  FBSnapshotTestCase: 4159bdf235fdae25aa7d813f1452a4f05ad4f9cd
  Kiwi: 54bece5b35564d9b8e03c608d926f1a22fcfc589
  TFLayoutConstraintsFactory: 6d054f2c8ba12cfe18fd8530de3de3941b96a1fa

COCOAPODS: 0.33.1
